
Microsoft Visual Studio Solution File, Format Version 12.00
# Visual Studio Version 17
VisualStudioVersion = 17.6.33829.357
MinimumVisualStudioVersion = 10.0.40219.1
Project("{FAE04EC0-301F-11D3-BF4B-00C04F79EFBC}") = "UserTicketService", "UserTicketService\UserTicketService.csproj", "{4AFD8317-4250-486E-ACB3-129544392CDF}"
EndProject
Project("{FAE04EC0-301F-11D3-BF4B-00C04F79EFBC}") = "UserTicketService.Tests", "UserTicketService.Tests\UserTicketService.Tests.csproj", "{A0AFBF00-86F7-4728-8C70-5EA05F2C06CA}"
EndProject
Global
	GlobalSection(SolutionConfigurationPlatforms) = preSolution
		Debug|Any CPU = Debug|Any CPU
		Release|Any CPU = Release|Any CPU
	EndGlobalSection
	GlobalSection(ProjectConfigurationPlatforms) = postSolution
		{4AFD8317-4250-486E-ACB3-129544392CDF}.Debug|Any CPU.ActiveCfg = Debug|Any CPU
		{4AFD8317-4250-486E-ACB3-129544392CDF}.Debug|Any CPU.Build.0 = Debug|Any CPU
		{4AFD8317-4250-486E-ACB3-129544392CDF}.Release|Any CPU.ActiveCfg = Release|Any CPU
		{4AFD8317-4250-486E-ACB3-129544392CDF}.Release|Any CPU.Build.0 = Release|Any CPU
		{A0AFBF00-86F7-4728-8C70-5EA05F2C06CA}.Debug|Any CPU.ActiveCfg = Debug|Any CPU
		{A0AFBF00-86F7-4728-8C70-5EA05F2C06CA}.Debug|Any CPU.Build.0 = Debug|Any CPU
		{A0AFBF00-86F7-4728-8C70-5EA05F2C06CA}.Release|Any CPU.ActiveCfg = Release|Any CPU
		{A0AFBF00-86F7-4728-8C70-5EA05F2C06CA}.Release|Any CPU.Build.0 = Release|Any CPU
	EndGlobalSection
	GlobalSection(SolutionProperties) = preSolution
		HideSolutionNode = FALSE
	EndGlobalSection
	GlobalSection(ExtensibilityGlobals) = postSolution
		SolutionGuid = {F031D4AC-74A3-47F4-BE86-7673D8FECEA8}
	EndGlobalSection
EndGlobal
